
Microsoft Visual Studio Solution File, Format Version 12.00
Project("{FAE04EC0-301F-11D3-BF4B-00C04F79EFBC}") = "TodoAPI", "TodoAPI\TodoAPI.csproj", "{97ABD26B-964D-4FA2-B0A2-744B8502599F}"
EndProject
Global
	GlobalSection(SolutionConfigurationPlatforms) = preSolution
		Debug|Any CPU = Debug|Any CPU
		Release|Any CPU = Release|Any CPU
	EndGlobalSection
	GlobalSection(ProjectConfigurationPlatforms) = postSolution
		{97ABD26B-964D-4FA2-B0A2-744B8502599F}.Debug|Any CPU.ActiveCfg = Debug|Any CPU
		{97ABD26B-964D-4FA2-B0A2-744B8502599F}.Debug|Any CPU.Build.0 = Debug|Any CPU
		{97ABD26B-964D-4FA2-B0A2-744B8502599F}.Release|Any CPU.ActiveCfg = Release|Any CPU
		{97ABD26B-964D-4FA2-B0A2-744B8502599F}.Release|Any CPU.Build.0 = Release|Any CPU
	EndGlobalSection
EndGlobal
